// !$*UTF8*$!
{
	archiveVersion = 1;
	classes = {
	};
	objectVersion = 55;
	objects = {

/* Begin PBXBuildFile section */
		47D2499EF803445B3764C647 /* Pods_EfVideo.framework in Frameworks */ = {isa = PBXBuildFile; fileRef = 70BBB8F1F85AB018C02FC245 /* Pods_EfVideo.framework */; };
		CE1C15832902EAA70099FA89 /* ListViewController.swift in Sources */ = {isa = PBXBuildFile; fileRef = CE1C15812902EAA70099FA89 /* ListViewController.swift */; };
		CE1C15842902EAA70099FA89 /* ListViewController.xib in Resources */ = {isa = PBXBuildFile; fileRef = CE1C15822902EAA70099FA89 /* ListViewController.xib */; };
		CE1C15862902F02B0099FA89 /* ListCoordinator.swift in Sources */ = {isa = PBXBuildFile; fileRef = CE1C15852902F02B0099FA89 /* ListCoordinator.swift */; };
		CE4381C929295C4C0065DC5C /* VideoPlayer.xib in Resources */ = {isa = PBXBuildFile; fileRef = CE4381C829295C4C0065DC5C /* VideoPlayer.xib */; };
		CE7421EA2916C4AB00C8A6EB /* ListDetailViewController.swift in Sources */ = {isa = PBXBuildFile; fileRef = CE7421E82916C4AB00C8A6EB /* ListDetailViewController.swift */; };
		CE7421EB2916C4AB00C8A6EB /* ListDetailViewController.xib in Resources */ = {isa = PBXBuildFile; fileRef = CE7421E92916C4AB00C8A6EB /* ListDetailViewController.xib */; };
		CE7421ED2916D08900C8A6EB /* ListDetailViewModel.swift in Sources */ = {isa = PBXBuildFile; fileRef = CE7421EC2916D08900C8A6EB /* ListDetailViewModel.swift */; };
		CE7421EF2916D0C000C8A6EB /* ListDetailInterfaces.swift in Sources */ = {isa = PBXBuildFile; fileRef = CE7421EE2916D0C000C8A6EB /* ListDetailInterfaces.swift */; };
		CE7421F12916FC2700C8A6EB /* ListDetailCoordinator.swift in Sources */ = {isa = PBXBuildFile; fileRef = CE7421F02916FC2700C8A6EB /* ListDetailCoordinator.swift */; };
		CE91E11D294E2A950013F4A7 /* PlayerHelper.swift in Sources */ = {isa = PBXBuildFile; fileRef = CE91E11C294E2A950013F4A7 /* PlayerHelper.swift */; };
		CEB810B2290D74F100CB37EF /* Reactive+Extension.swift in Sources */ = {isa = PBXBuildFile; fileRef = CEB810B1290D74F100CB37EF /* Reactive+Extension.swift */; };
		CEB810B4290D8C0500CB37EF /* ListHelper.swift in Sources */ = {isa = PBXBuildFile; fileRef = CEB810B3290D8C0500CB37EF /* ListHelper.swift */; };
		CECE67D929057C360051AA9C /* ListTableViewManager.swift in Sources */ = {isa = PBXBuildFile; fileRef = CECE67D829057C360051AA9C /* ListTableViewManager.swift */; };
		CECE67DC290585500051AA9C /* ConstantId.swift in Sources */ = {isa = PBXBuildFile; fileRef = CECE67DB290585500051AA9C /* ConstantId.swift */; };
		CECE67DE2905861C0051AA9C /* TableViewCell+Extension.swift in Sources */ = {isa = PBXBuildFile; fileRef = CECE67DD2905861C0051AA9C /* TableViewCell+Extension.swift */; };
		CECE67E2290586620051AA9C /* ListVideoCell.swift in Sources */ = {isa = PBXBuildFile; fileRef = CECE67E0290586620051AA9C /* ListVideoCell.swift */; };
		CECE67E3290586620051AA9C /* ListVideoCell.xib in Resources */ = {isa = PBXBuildFile; fileRef = CECE67E1290586620051AA9C /* ListVideoCell.xib */; };
		CECE67E7290592470051AA9C /* ListViewModel.swift in Sources */ = {isa = PBXBuildFile; fileRef = CECE67E6290592470051AA9C /* ListViewModel.swift */; };
		CECE67E9290595000051AA9C /* ListInterfaces.swift in Sources */ = {isa = PBXBuildFile; fileRef = CECE67E8290595000051AA9C /* ListInterfaces.swift */; };
		CECE67EE29059B920051AA9C /* ListApiProtocol.swift in Sources */ = {isa = PBXBuildFile; fileRef = CECE67ED29059B920051AA9C /* ListApiProtocol.swift */; };
		CECE67F029059BE90051AA9C /* ListApiImpl.swift in Sources */ = {isa = PBXBuildFile; fileRef = CECE67EF29059BE90051AA9C /* ListApiImpl.swift */; };
		CECE67F229059E090051AA9C /* FechrsContainer.swift in Sources */ = {isa = PBXBuildFile; fileRef = CECE67F129059E090051AA9C /* FechrsContainer.swift */; };
		CECE67F52905A12F0051AA9C /* ListModel.swift in Sources */ = {isa = PBXBuildFile; fileRef = CECE67F42905A12F0051AA9C /* ListModel.swift */; };
		CECE67F72905A8170051AA9C /* Data+Extension.swift in Sources */ = {isa = PBXBuildFile; fileRef = CECE67F62905A8170051AA9C /* Data+Extension.swift */; };
		CECE67F92905B9A80051AA9C /* NetWorkError.swift in Sources */ = {isa = PBXBuildFile; fileRef = CECE67F82905B9A80051AA9C /* NetWorkError.swift */; };
		CECE67FF2905C87F0051AA9C /* DIContainer.swift in Sources */ = {isa = PBXBuildFile; fileRef = CECE67FE2905C87F0051AA9C /* DIContainer.swift */; };
		CECE68012905CDDA0051AA9C /* mock_file.json in Sources */ = {isa = PBXBuildFile; fileRef = CECE68002905CDDA0051AA9C /* mock_file.json */; };
		CECE68022905D91F0051AA9C /* mock_file.json in Resources */ = {isa = PBXBuildFile; fileRef = CECE68002905CDDA0051AA9C /* mock_file.json */; };
		CECEF5A22924180E0021F0E7 /* VideoPlayer.swift in Sources */ = {isa = PBXBuildFile; fileRef = CECEF5A12924180E0021F0E7 /* VideoPlayer.swift */; };
		CEE09CB928F9611800EA1B60 /* AppDelegate.swift in Sources */ = {isa = PBXBuildFile; fileRef = CEE09CB828F9611800EA1B60 /* AppDelegate.swift */; };
		CEE09CBB28F9611800EA1B60 /* SceneDelegate.swift in Sources */ = {isa = PBXBuildFile; fileRef = CEE09CBA28F9611800EA1B60 /* SceneDelegate.swift */; };
		CEE09CBD28F9611800EA1B60 /* ViewController.swift in Sources */ = {isa = PBXBuildFile; fileRef = CEE09CBC28F9611800EA1B60 /* ViewController.swift */; };
		CEE09CC328F9611800EA1B60 /* EfVideo.xcdatamodeld in Sources */ = {isa = PBXBuildFile; fileRef = CEE09CC128F9611800EA1B60 /* EfVideo.xcdatamodeld */; };
		CEE09CC528F9611D00EA1B60 /* Assets.xcassets in Resources */ = {isa = PBXBuildFile; fileRef = CEE09CC428F9611D00EA1B60 /* Assets.xcassets */; };
		CEE09CC828F9611D00EA1B60 /* LaunchScreen.storyboard in Resources */ = {isa = PBXBuildFile; fileRef = CEE09CC628F9611D00EA1B60 /* LaunchScreen.storyboard */; };
		CEE09CD328F9611D00EA1B60 /* EfVideoTests.swift in Sources */ = {isa = PBXBuildFile; fileRef = CEE09CD228F9611D00EA1B60 /* EfVideoTests.swift */; };
		CEE09CDD28F9611D00EA1B60 /* EfVideoUITests.swift in Sources */ = {isa = PBXBuildFile; fileRef = CEE09CDC28F9611D00EA1B60 /* EfVideoUITests.swift */; };
		CEE09CDF28F9611D00EA1B60 /* EfVideoUITestsLaunchTests.swift in Sources */ = {isa = PBXBuildFile; fileRef = CEE09CDE28F9611D00EA1B60 /* EfVideoUITestsLaunchTests.swift */; };
		CEE09CEF28F9CA9100EA1B60 /* VideoViewController.swift in Sources */ = {isa = PBXBuildFile; fileRef = CEE09CED28F9CA9100EA1B60 /* VideoViewController.swift */; };
		CEE09CF028F9CA9100EA1B60 /* VideoViewController.xib in Resources */ = {isa = PBXBuildFile; fileRef = CEE09CEE28F9CA9100EA1B60 /* VideoViewController.xib */; };
		CEE09CF228FB173000EA1B60 /* BaseViewController.swift in Sources */ = {isa = PBXBuildFile; fileRef = CEE09CF128FB173000EA1B60 /* BaseViewController.swift */; };
		CEE09CF528FC0A0400EA1B60 /* ControlButton.swift in Sources */ = {isa = PBXBuildFile; fileRef = CEE09CF428FC0A0400EA1B60 /* ControlButton.swift */; };
		CEE09CF928FC5F4B00EA1B60 /* AppManager.swift in Sources */ = {isa = PBXBuildFile; fileRef = CEE09CF828FC5F4B00EA1B60 /* AppManager.swift */; };
		CEE09CFB28FC62DB00EA1B60 /* AppFlowController.swift in Sources */ = {isa = PBXBuildFile; fileRef = CEE09CFA28FC62DB00EA1B60 /* AppFlowController.swift */; };
		CEE09CFE28FC63EC00EA1B60 /* TabBarItem.swift in Sources */ = {isa = PBXBuildFile; fileRef = CEE09CFD28FC63EC00EA1B60 /* TabBarItem.swift */; };
		CEE09D0028FC645C00EA1B60 /* TabBar+Extension.swift in Sources */ = {isa = PBXBuildFile; fileRef = CEE09CFF28FC645C00EA1B60 /* TabBar+Extension.swift */; };
		CEE09D0228FC749000EA1B60 /* Coordinator.swift in Sources */ = {isa = PBXBuildFile; fileRef = CEE09D0128FC749000EA1B60 /* Coordinator.swift */; };
		CEE09D0528FC766B00EA1B60 /* MainCoordinator.swift in Sources */ = {isa = PBXBuildFile; fileRef = CEE09D0428FC766B00EA1B60 /* MainCoordinator.swift */; };
/* End PBXBuildFile section */

/* Begin PBXContainerItemProxy section */
		CEE09CCF28F9611D00EA1B60 /* PBXContainerItemProxy */ = {
			isa = PBXContainerItemProxy;
			containerPortal = CEE09CAD28F9611800EA1B60 /* Project object */;
			proxyType = 1;
			remoteGlobalIDString = CEE09CB428F9611800EA1B60;
			remoteInfo = EfVideo;
		};
		CEE09CD928F9611D00EA1B60 /* PBXContainerItemProxy */ = {
			isa = PBXContainerItemProxy;
			containerPortal = CEE09CAD28F9611800EA1B60 /* Project object */;
			proxyType = 1;
			remoteGlobalIDString = CEE09CB428F9611800EA1B60;
			remoteInfo = EfVideo;
		};
/* End PBXContainerItemProxy section */

/* Begin PBXFileReference section */
		4DDEFE68044274741923BEAC /* Pods-EfVideo.release.xcconfig */ = {isa = PBXFileReference; includeInIndex = 1; lastKnownFileType = text.xcconfig; name = "Pods-EfVideo.release.xcconfig"; path = "Target Support Files/Pods-EfVideo/Pods-EfVideo.release.xcconfig"; sourceTree = "<group>"; };
		4F8830D31F74176D23AF1B41 /* Pods-EfVideo.debug.xcconfig */ = {isa = PBXFileReference; includeInIndex = 1; lastKnownFileType = text.xcconfig; name = "Pods-EfVideo.debug.xcconfig"; path = "Target Support Files/Pods-EfVideo/Pods-EfVideo.debug.xcconfig"; sourceTree = "<group>"; };
		70BBB8F1F85AB018C02FC245 /* Pods_EfVideo.framework */ = {isa = PBXFileReference; explicitFileType = wrapper.framework; includeInIndex = 0; path = Pods_EfVideo.framework; sourceTree = BUILT_PRODUCTS_DIR; };
		CE1C15812902EAA70099FA89 /* ListViewController.swift */ = {isa = PBXFileReference; lastKnownFileType = sourcecode.swift; path = ListViewController.swift; sourceTree = "<group>"; };
		CE1C15822902EAA70099FA89 /* ListViewController.xib */ = {isa = PBXFileReference; lastKnownFileType = file.xib; path = ListViewController.xib; sourceTree = "<group>"; };
		CE1C15852902F02B0099FA89 /* ListCoordinator.swift */ = {isa = PBXFileReference; lastKnownFileType = sourcecode.swift; path = ListCoordinator.swift; sourceTree = "<group>"; };
		CE4381C829295C4C0065DC5C /* VideoPlayer.xib */ = {isa = PBXFileReference; lastKnownFileType = file.xib; path = VideoPlayer.xib; sourceTree = "<group>"; };
		CE7421E82916C4AB00C8A6EB /* ListDetailViewController.swift */ = {isa = PBXFileReference; lastKnownFileType = sourcecode.swift; path = ListDetailViewController.swift; sourceTree = "<group>"; };
		CE7421E92916C4AB00C8A6EB /* ListDetailViewController.xib */ = {isa = PBXFileReference; lastKnownFileType = file.xib; path = ListDetailViewController.xib; sourceTree = "<group>"; };
		CE7421EC2916D08900C8A6EB /* ListDetailViewModel.swift */ = {isa = PBXFileReference; lastKnownFileType = sourcecode.swift; path = ListDetailViewModel.swift; sourceTree = "<group>"; };
		CE7421EE2916D0C000C8A6EB /* ListDetailInterfaces.swift */ = {isa = PBXFileReference; lastKnownFileType = sourcecode.swift; path = ListDetailInterfaces.swift; sourceTree = "<group>"; };
		CE7421F02916FC2700C8A6EB /* ListDetailCoordinator.swift */ = {isa = PBXFileReference; lastKnownFileType = sourcecode.swift; path = ListDetailCoordinator.swift; sourceTree = "<group>"; };
		CE91E11C294E2A950013F4A7 /* PlayerHelper.swift */ = {isa = PBXFileReference; lastKnownFileType = sourcecode.swift; path = PlayerHelper.swift; sourceTree = "<group>"; };
		CEB810B1290D74F100CB37EF /* Reactive+Extension.swift */ = {isa = PBXFileReference; lastKnownFileType = sourcecode.swift; path = "Reactive+Extension.swift"; sourceTree = "<group>"; };
		CEB810B3290D8C0500CB37EF /* ListHelper.swift */ = {isa = PBXFileReference; lastKnownFileType = sourcecode.swift; path = ListHelper.swift; sourceTree = "<group>"; };
		CECE67D829057C360051AA9C /* ListTableViewManager.swift */ = {isa = PBXFileReference; lastKnownFileType = sourcecode.swift; path = ListTableViewManager.swift; sourceTree = "<group>"; };
		CECE67DB290585500051AA9C /* ConstantId.swift */ = {isa = PBXFileReference; lastKnownFileType = sourcecode.swift; path = ConstantId.swift; sourceTree = "<group>"; };
		CECE67DD2905861C0051AA9C /* TableViewCell+Extension.swift */ = {isa = PBXFileReference; lastKnownFileType = sourcecode.swift; path = "TableViewCell+Extension.swift"; sourceTree = "<group>"; };
		CECE67E0290586620051AA9C /* ListVideoCell.swift */ = {isa = PBXFileReference; lastKnownFileType = sourcecode.swift; path = ListVideoCell.swift; sourceTree = "<group>"; };
		CECE67E1290586620051AA9C /* ListVideoCell.xib */ = {isa = PBXFileReference; lastKnownFileType = file.xib; path = ListVideoCell.xib; sourceTree = "<group>"; };
		CECE67E6290592470051AA9C /* ListViewModel.swift */ = {isa = PBXFileReference; lastKnownFileType = sourcecode.swift; path = ListViewModel.swift; sourceTree = "<group>"; };
		CECE67E8290595000051AA9C /* ListInterfaces.swift */ = {isa = PBXFileReference; lastKnownFileType = sourcecode.swift; path = ListInterfaces.swift; sourceTree = "<group>"; };
		CECE67ED29059B920051AA9C /* ListApiProtocol.swift */ = {isa = PBXFileReference; lastKnownFileType = sourcecode.swift; path = ListApiProtocol.swift; sourceTree = "<group>"; };
		CECE67EF29059BE90051AA9C /* ListApiImpl.swift */ = {isa = PBXFileReference; lastKnownFileType = sourcecode.swift; path = ListApiImpl.swift; sourceTree = "<group>"; };
		CECE67F129059E090051AA9C /* FechrsContainer.swift */ = {isa = PBXFileReference; lastKnownFileType = sourcecode.swift; path = FechrsContainer.swift; sourceTree = "<group>"; };
		CECE67F42905A12F0051AA9C /* ListModel.swift */ = {isa = PBXFileReference; lastKnownFileType = sourcecode.swift; path = ListModel.swift; sourceTree = "<group>"; };
		CECE67F62905A8170051AA9C /* Data+Extension.swift */ = {isa = PBXFileReference; lastKnownFileType = sourcecode.swift; path = "Data+Extension.swift"; sourceTree = "<group>"; };
		CECE67F82905B9A80051AA9C /* NetWorkError.swift */ = {isa = PBXFileReference; lastKnownFileType = sourcecode.swift; path = NetWorkError.swift; sourceTree = "<group>"; };
		CECE67FE2905C87F0051AA9C /* DIContainer.swift */ = {isa = PBXFileReference; lastKnownFileType = sourcecode.swift; path = DIContainer.swift; sourceTree = "<group>"; };
		CECE68002905CDDA0051AA9C /* mock_file.json */ = {isa = PBXFileReference; lastKnownFileType = text.json; path = mock_file.json; sourceTree = "<group>"; };
		CECEF5A12924180E0021F0E7 /* VideoPlayer.swift */ = {isa = PBXFileReference; lastKnownFileType = sourcecode.swift; path = VideoPlayer.swift; sourceTree = "<group>"; };
		CEE09CB528F9611800EA1B60 /* EfVideo.app */ = {isa = PBXFileReference; explicitFileType = wrapper.application; includeInIndex = 0; path = EfVideo.app; sourceTree = BUILT_PRODUCTS_DIR; };
		CEE09CB828F9611800EA1B60 /* AppDelegate.swift */ = {isa = PBXFileReference; lastKnownFileType = sourcecode.swift; path = AppDelegate.swift; sourceTree = "<group>"; };
		CEE09CBA28F9611800EA1B60 /* SceneDelegate.swift */ = {isa = PBXFileReference; lastKnownFileType = sourcecode.swift; path = SceneDelegate.swift; sourceTree = "<group>"; };
		CEE09CBC28F9611800EA1B60 /* ViewController.swift */ = {isa = PBXFileReference; lastKnownFileType = sourcecode.swift; path = ViewController.swift; sourceTree = "<group>"; };
		CEE09CC228F9611800EA1B60 /* EfVideo.xcdatamodel */ = {isa = PBXFileReference; lastKnownFileType = wrapper.xcdatamodel; path = EfVideo.xcdatamodel; sourceTree = "<group>"; };
		CEE09CC428F9611D00EA1B60 /* Assets.xcassets */ = {isa = PBXFileReference; lastKnownFileType = folder.assetcatalog; path = Assets.xcassets; sourceTree = "<group>"; };
		CEE09CC728F9611D00EA1B60 /* Base */ = {isa = PBXFileReference; lastKnownFileType = file.storyboard; name = Base; path = Base.lproj/LaunchScreen.storyboard; sourceTree = "<group>"; };
		CEE09CC928F9611D00EA1B60 /* Info.plist */ = {isa = PBXFileReference; lastKnownFileType = text.plist.xml; path = Info.plist; sourceTree = "<group>"; };
		CEE09CCE28F9611D00EA1B60 /* EfVideoTests.xctest */ = {isa = PBXFileReference; explicitFileType = wrapper.cfbundle; includeInIndex = 0; path = EfVideoTests.xctest; sourceTree = BUILT_PRODUCTS_DIR; };
		CEE09CD228F9611D00EA1B60 /* EfVideoTests.swift */ = {isa = PBXFileReference; lastKnownFileType = sourcecode.swift; path = EfVideoTests.swift; sourceTree = "<group>"; };
		CEE09CD828F9611D00EA1B60 /* EfVideoUITests.xctest */ = {isa = PBXFileReference; explicitFileType = wrapper.cfbundle; includeInIndex = 0; path = EfVideoUITests.xctest; sourceTree = BUILT_PRODUCTS_DIR; };
		CEE09CDC28F9611D00EA1B60 /* EfVideoUITests.swift */ = {isa = PBXFileReference; lastKnownFileType = sourcecode.swift; path = EfVideoUITests.swift; sourceTree = "<group>"; };
		CEE09CDE28F9611D00EA1B60 /* EfVideoUITestsLaunchTests.swift */ = {isa = PBXFileReference; lastKnownFileType = sourcecode.swift; path = EfVideoUITestsLaunchTests.swift; sourceTree = "<group>"; };
		CEE09CED28F9CA9100EA1B60 /* VideoViewController.swift */ = {isa = PBXFileReference; lastKnownFileType = sourcecode.swift; path = VideoViewController.swift; sourceTree = "<group>"; };
		CEE09CEE28F9CA9100EA1B60 /* VideoViewController.xib */ = {isa = PBXFileReference; lastKnownFileType = file.xib; path = VideoViewController.xib; sourceTree = "<group>"; };
		CEE09CF128FB173000EA1B60 /* BaseViewController.swift */ = {isa = PBXFileReference; lastKnownFileType = sourcecode.swift; path = BaseViewController.swift; sourceTree = "<group>"; };
		CEE09CF428FC0A0400EA1B60 /* ControlButton.swift */ = {isa = PBXFileReference; lastKnownFileType = sourcecode.swift; path = ControlButton.swift; sourceTree = "<group>"; };
		CEE09CF828FC5F4B00EA1B60 /* AppManager.swift */ = {isa = PBXFileReference; lastKnownFileType = sourcecode.swift; path = AppManager.swift; sourceTree = "<group>"; };
		CEE09CFA28FC62DB00EA1B60 /* AppFlowController.swift */ = {isa = PBXFileReference; lastKnownFileType = sourcecode.swift; path = AppFlowController.swift; sourceTree = "<group>"; };
		CEE09CFD28FC63EC00EA1B60 /* TabBarItem.swift */ = {isa = PBXFileReference; lastKnownFileType = sourcecode.swift; path = TabBarItem.swift; sourceTree = "<group>"; };
		CEE09CFF28FC645C00EA1B60 /* TabBar+Extension.swift */ = {isa = PBXFileReference; lastKnownFileType = sourcecode.swift; path = "TabBar+Extension.swift"; sourceTree = "<group>"; };
		CEE09D0128FC749000EA1B60 /* Coordinator.swift */ = {isa = PBXFileReference; lastKnownFileType = sourcecode.swift; path = Coordinator.swift; sourceTree = "<group>"; };
		CEE09D0428FC766B00EA1B60 /* MainCoordinator.swift */ = {isa = PBXFileReference; lastKnownFileType = sourcecode.swift; path = MainCoordinator.swift; sourceTree = "<group>"; };
/* End PBXFileReference section */

/* Begin PBXFrameworksBuildPhase section */
		CEE09CB228F9611800EA1B60 /* Frameworks */ = {
			isa = PBXFrameworksBuildPhase;
			buildActionMask = 2147483647;
			files = (
				47D2499EF803445B3764C647 /* Pods_EfVideo.framework in Frameworks */,
			);
			runOnlyForDeploymentPostprocessing = 0;
		};
		CEE09CCB28F9611D00EA1B60 /* Frameworks */ = {
			isa = PBXFrameworksBuildPhase;
			buildActionMask = 2147483647;
			files = (
			);
			runOnlyForDeploymentPostprocessing = 0;
		};
		CEE09CD528F9611D00EA1B60 /* Frameworks */ = {
			isa = PBXFrameworksBuildPhase;
			buildActionMask = 2147483647;
			files = (
			);
			runOnlyForDeploymentPostprocessing = 0;
		};
/* End PBXFrameworksBuildPhase section */

/* Begin PBXGroup section */
		1F7AE0030AD264BBB6C5DDBC /* Pods */ = {
			isa = PBXGroup;
			children = (
				4F8830D31F74176D23AF1B41 /* Pods-EfVideo.debug.xcconfig */,
				4DDEFE68044274741923BEAC /* Pods-EfVideo.release.xcconfig */,
			);
			path = Pods;
			sourceTree = "<group>";
		};
		3A1D93D1B889FFF7C3207648 /* Frameworks */ = {
			isa = PBXGroup;
			children = (
				70BBB8F1F85AB018C02FC245 /* Pods_EfVideo.framework */,
			);
			name = Frameworks;
			sourceTree = "<group>";
		};
		CE1C15802902EA7B0099FA89 /* ListModule */ = {
			isa = PBXGroup;
			children = (
				CECE67DF2905862C0051AA9C /* Cell */,
				CE1C15812902EAA70099FA89 /* ListViewController.swift */,
				CECE67D829057C360051AA9C /* ListTableViewManager.swift */,
				CECE67E6290592470051AA9C /* ListViewModel.swift */,
				CE1C15822902EAA70099FA89 /* ListViewController.xib */,
				CECE67E8290595000051AA9C /* ListInterfaces.swift */,
				CEB810B3290D8C0500CB37EF /* ListHelper.swift */,
			);
			path = ListModule;
			sourceTree = "<group>";
		};
		CE7421E72916C46A00C8A6EB /* ListDetailModule */ = {
			isa = PBXGroup;
			children = (
				CE7421E82916C4AB00C8A6EB /* ListDetailViewController.swift */,
				CE7421E92916C4AB00C8A6EB /* ListDetailViewController.xib */,
				CE7421EC2916D08900C8A6EB /* ListDetailViewModel.swift */,
				CE7421EE2916D0C000C8A6EB /* ListDetailInterfaces.swift */,
				CE7421F02916FC2700C8A6EB /* ListDetailCoordinator.swift */,
			);
			path = ListDetailModule;
			sourceTree = "<group>";
		};
		CECE67DA290585150051AA9C /* Constants */ = {
			isa = PBXGroup;
			children = (
				CECE67DB290585500051AA9C /* ConstantId.swift */,
				CECE68002905CDDA0051AA9C /* mock_file.json */,
			);
			path = Constants;
			sourceTree = "<group>";
		};
		CECE67DF2905862C0051AA9C /* Cell */ = {
			isa = PBXGroup;
			children = (
				CECE67E0290586620051AA9C /* ListVideoCell.swift */,
				CECE67E1290586620051AA9C /* ListVideoCell.xib */,
			);
			path = Cell;
			sourceTree = "<group>";
		};
		CECE67EA29059A760051AA9C /* APIServices */ = {
			isa = PBXGroup;
			children = (
				CECE67EC29059B3A0051AA9C /* ServicesImpl */,
				CECE67EB29059B1D0051AA9C /* ServicesProtocol */,
				CECE67F129059E090051AA9C /* FechrsContainer.swift */,
				CECE67F82905B9A80051AA9C /* NetWorkError.swift */,
			);
			path = APIServices;
			sourceTree = "<group>";
		};
		CECE67EB29059B1D0051AA9C /* ServicesProtocol */ = {
			isa = PBXGroup;
			children = (
				CECE67ED29059B920051AA9C /* ListApiProtocol.swift */,
			);
			path = ServicesProtocol;
			sourceTree = "<group>";
		};
		CECE67EC29059B3A0051AA9C /* ServicesImpl */ = {
			isa = PBXGroup;
			children = (
				CECE67EF29059BE90051AA9C /* ListApiImpl.swift */,
			);
			path = ServicesImpl;
			sourceTree = "<group>";
		};
		CECE67F32905A0FF0051AA9C /* ResponseModel */ = {
			isa = PBXGroup;
			children = (
				CECE67F42905A12F0051AA9C /* ListModel.swift */,
			);
			path = ResponseModel;
			sourceTree = "<group>";
		};
		CECEF5A329241C910021F0E7 /* Player */ = {
			isa = PBXGroup;
			children = (
				CECEF5A12924180E0021F0E7 /* VideoPlayer.swift */,
				CE4381C829295C4C0065DC5C /* VideoPlayer.xib */,
				CE91E11C294E2A950013F4A7 /* PlayerHelper.swift */,
			);
			path = Player;
			sourceTree = "<group>";
		};
		CEE09CAC28F9611800EA1B60 = {
			isa = PBXGroup;
			children = (
				CEE09CB728F9611800EA1B60 /* EfVideo */,
				CEE09CD128F9611D00EA1B60 /* EfVideoTests */,
				CEE09CDB28F9611D00EA1B60 /* EfVideoUITests */,
				CEE09CB628F9611800EA1B60 /* Products */,
				1F7AE0030AD264BBB6C5DDBC /* Pods */,
				3A1D93D1B889FFF7C3207648 /* Frameworks */,
			);
			sourceTree = "<group>";
		};
		CEE09CB628F9611800EA1B60 /* Products */ = {
			isa = PBXGroup;
			children = (
				CEE09CB528F9611800EA1B60 /* EfVideo.app */,
				CEE09CCE28F9611D00EA1B60 /* EfVideoTests.xctest */,
				CEE09CD828F9611D00EA1B60 /* EfVideoUITests.xctest */,
			);
			name = Products;
			sourceTree = "<group>";
		};
		CEE09CB728F9611800EA1B60 /* EfVideo */ = {
			isa = PBXGroup;
			children = (
				CECE67DA290585150051AA9C /* Constants */,
				CEE09CFC28FC63B700EA1B60 /* Extension */,
				CEE09CF628FC5E9D00EA1B60 /* Services */,
				CEE09CF328FC091900EA1B60 /* Models */,
				CEE09CEB28F9C94400EA1B60 /* Modules */,
				CEE09CB828F9611800EA1B60 /* AppDelegate.swift */,
				CEE09CBA28F9611800EA1B60 /* SceneDelegate.swift */,
				CEE09CBC28F9611800EA1B60 /* ViewController.swift */,
				CEE09CC428F9611D00EA1B60 /* Assets.xcassets */,
				CEE09CC628F9611D00EA1B60 /* LaunchScreen.storyboard */,
				CEE09CC928F9611D00EA1B60 /* Info.plist */,
				CEE09CC128F9611800EA1B60 /* EfVideo.xcdatamodeld */,
				CEE09CF128FB173000EA1B60 /* BaseViewController.swift */,
			);
			path = EfVideo;
			sourceTree = "<group>";
		};
		CEE09CD128F9611D00EA1B60 /* EfVideoTests */ = {
			isa = PBXGroup;
			children = (
				CEE09CD228F9611D00EA1B60 /* EfVideoTests.swift */,
			);
			path = EfVideoTests;
			sourceTree = "<group>";
		};
		CEE09CDB28F9611D00EA1B60 /* EfVideoUITests */ = {
			isa = PBXGroup;
			children = (
				CEE09CDC28F9611D00EA1B60 /* EfVideoUITests.swift */,
				CEE09CDE28F9611D00EA1B60 /* EfVideoUITestsLaunchTests.swift */,
			);
			path = EfVideoUITests;
			sourceTree = "<group>";
		};
		CEE09CEB28F9C94400EA1B60 /* Modules */ = {
			isa = PBXGroup;
			children = (
				CE7421E72916C46A00C8A6EB /* ListDetailModule */,
				CE1C15802902EA7B0099FA89 /* ListModule */,
				CEE09CEC28F9C9DD00EA1B60 /* VideoModule */,
			);
			path = Modules;
			sourceTree = "<group>";
		};
		CEE09CEC28F9C9DD00EA1B60 /* VideoModule */ = {
			isa = PBXGroup;
			children = (
				CEE09CED28F9CA9100EA1B60 /* VideoViewController.swift */,
				CEE09CEE28F9CA9100EA1B60 /* VideoViewController.xib */,
			);
			path = VideoModule;
			sourceTree = "<group>";
		};
		CEE09CF328FC091900EA1B60 /* Models */ = {
			isa = PBXGroup;
			children = (
				CEE09CF428FC0A0400EA1B60 /* ControlButton.swift */,
				CECEF5A329241C910021F0E7 /* Player */,
			);
			path = Models;
			sourceTree = "<group>";
		};
		CEE09CF628FC5E9D00EA1B60 /* Services */ = {
			isa = PBXGroup;
			children = (
				CECE67F32905A0FF0051AA9C /* ResponseModel */,
				CECE67EA29059A760051AA9C /* APIServices */,
				CEE09CF728FC5EAA00EA1B60 /* AppManager */,
				CEE09CFA28FC62DB00EA1B60 /* AppFlowController.swift */,
				CEE09D0328FC75FA00EA1B60 /* Coordinator */,
				CECE67FE2905C87F0051AA9C /* DIContainer.swift */,
			);
			path = Services;
			sourceTree = "<group>";
		};
		CEE09CF728FC5EAA00EA1B60 /* AppManager */ = {
			isa = PBXGroup;
			children = (
				CEE09CF828FC5F4B00EA1B60 /* AppManager.swift */,
			);
			path = AppManager;
			sourceTree = "<group>";
		};
		CEE09CFC28FC63B700EA1B60 /* Extension */ = {
			isa = PBXGroup;
			children = (
				CEE09CFD28FC63EC00EA1B60 /* TabBarItem.swift */,
				CEE09CFF28FC645C00EA1B60 /* TabBar+Extension.swift */,
				CECE67DD2905861C0051AA9C /* TableViewCell+Extension.swift */,
				CECE67F62905A8170051AA9C /* Data+Extension.swift */,
				CEB810B1290D74F100CB37EF /* Reactive+Extension.swift */,
			);
			path = Extension;
			sourceTree = "<group>";
		};
		CEE09D0328FC75FA00EA1B60 /* Coordinator */ = {
			isa = PBXGroup;
			children = (
				CEE09D0128FC749000EA1B60 /* Coordinator.swift */,
				CEE09D0428FC766B00EA1B60 /* MainCoordinator.swift */,
				CE1C15852902F02B0099FA89 /* ListCoordinator.swift */,
			);
			path = Coordinator;
			sourceTree = "<group>";
		};
/* End PBXGroup section */

/* Begin PBXNativeTarget section */
		CEE09CB428F9611800EA1B60 /* EfVideo */ = {
			isa = PBXNativeTarget;
			buildConfigurationList = CEE09CE228F9611D00EA1B60 /* Build configuration list for PBXNativeTarget "EfVideo" */;
			buildPhases = (
				EC5677ED453BCA3474271A95 /* [CP] Check Pods Manifest.lock */,
				CEE09CB128F9611800EA1B60 /* Sources */,
				CEE09CB228F9611800EA1B60 /* Frameworks */,
				CEE09CB328F9611800EA1B60 /* Resources */,
				63252F1DEE9B7BAD9AC4CBAA /* [CP] Embed Pods Frameworks */,
			);
			buildRules = (
			);
			dependencies = (
			);
			name = EfVideo;
			productName = EfVideo;
			productReference = CEE09CB528F9611800EA1B60 /* EfVideo.app */;
			productType = "com.apple.product-type.application";
		};
		CEE09CCD28F9611D00EA1B60 /* EfVideoTests */ = {
			isa = PBXNativeTarget;
			buildConfigurationList = CEE09CE528F9611D00EA1B60 /* Build configuration list for PBXNativeTarget "EfVideoTests" */;
			buildPhases = (
				CEE09CCA28F9611D00EA1B60 /* Sources */,
				CEE09CCB28F9611D00EA1B60 /* Frameworks */,
				CEE09CCC28F9611D00EA1B60 /* Resources */,
			);
			buildRules = (
			);
			dependencies = (
				CEE09CD028F9611D00EA1B60 /* PBXTargetDependency */,
			);
			name = EfVideoTests;
			productName = EfVideoTests;
			productReference = CEE09CCE28F9611D00EA1B60 /* EfVideoTests.xctest */;
			productType = "com.apple.product-type.bundle.unit-test";
		};
		CEE09CD728F9611D00EA1B60 /* EfVideoUITests */ = {
			isa = PBXNativeTarget;
			buildConfigurationList = CEE09CE828F9611D00EA1B60 /* Build configuration list for PBXNativeTarget "EfVideoUITests" */;
			buildPhases = (
				CEE09CD428F9611D00EA1B60 /* Sources */,
				CEE09CD528F9611D00EA1B60 /* Frameworks */,
				CEE09CD628F9611D00EA1B60 /* Resources */,
			);
			buildRules = (
			);
			dependencies = (
				CEE09CDA28F9611D00EA1B60 /* PBXTargetDependency */,
			);
			name = EfVideoUITests;
			productName = EfVideoUITests;
			productReference = CEE09CD828F9611D00EA1B60 /* EfVideoUITests.xctest */;
			productType = "com.apple.product-type.bundle.ui-testing";
		};
/* End PBXNativeTarget section */

/* Begin PBXProject section */
		CEE09CAD28F9611800EA1B60 /* Project object */ = {
			isa = PBXProject;
			attributes = {
				BuildIndependentTargetsInParallel = 1;
				LastSwiftUpdateCheck = 1340;
				LastUpgradeCheck = 1340;
				TargetAttributes = {
					CEE09CB428F9611800EA1B60 = {
						CreatedOnToolsVersion = 13.4.1;
					};
					CEE09CCD28F9611D00EA1B60 = {
						CreatedOnToolsVersion = 13.4.1;
						TestTargetID = CEE09CB428F9611800EA1B60;
					};
					CEE09CD728F9611D00EA1B60 = {
						CreatedOnToolsVersion = 13.4.1;
						TestTargetID = CEE09CB428F9611800EA1B60;
					};
				};
			};
			buildConfigurationList = CEE09CB028F9611800EA1B60 /* Build configuration list for PBXProject "EfVideo" */;
			compatibilityVersion = "Xcode 13.0";
			developmentRegion = en;
			hasScannedForEncodings = 0;
			knownRegions = (
				en,
				Base,
			);
			mainGroup = CEE09CAC28F9611800EA1B60;
			productRefGroup = CEE09CB628F9611800EA1B60 /* Products */;
			projectDirPath = "";
			projectRoot = "";
			targets = (
				CEE09CB428F9611800EA1B60 /* EfVideo */,
				CEE09CCD28F9611D00EA1B60 /* EfVideoTests */,
				CEE09CD728F9611D00EA1B60 /* EfVideoUITests */,
			);
		};
/* End PBXProject section */

/* Begin PBXResourcesBuildPhase section */
		CEE09CB328F9611800EA1B60 /* Resources */ = {
			isa = PBXResourcesBuildPhase;
			buildActionMask = 2147483647;
			files = (
				CECE68022905D91F0051AA9C /* mock_file.json in Resources */,
				CE7421EB2916C4AB00C8A6EB /* ListDetailViewController.xib in Resources */,
				CEE09CC828F9611D00EA1B60 /* LaunchScreen.storyboard in Resources */,
				CECE67E3290586620051AA9C /* ListVideoCell.xib in Resources */,
				CE4381C929295C4C0065DC5C /* VideoPlayer.xib in Resources */,
				CEE09CC528F9611D00EA1B60 /* Assets.xcassets in Resources */,
				CE1C15842902EAA70099FA89 /* ListViewController.xib in Resources */,
				CEE09CF028F9CA9100EA1B60 /* VideoViewController.xib in Resources */,
			);
			runOnlyForDeploymentPostprocessing = 0;
		};
		CEE09CCC28F9611D00EA1B60 /* Resources */ = {
			isa = PBXResourcesBuildPhase;
			buildActionMask = 2147483647;
			files = (
			);
			runOnlyForDeploymentPostprocessing = 0;
		};
		CEE09CD628F9611D00EA1B60 /* Resources */ = {
			isa = PBXResourcesBuildPhase;
			buildActionMask = 2147483647;
			files = (
			);
			runOnlyForDeploymentPostprocessing = 0;
		};
/* End PBXResourcesBuildPhase section */

/* Begin PBXShellScriptBuildPhase section */
		63252F1DEE9B7BAD9AC4CBAA /* [CP] Embed Pods Frameworks */ = {
			isa = PBXShellScriptBuildPhase;
			buildActionMask = 2147483647;
			files = (
			);
			inputFileListPaths = (
				"${PODS_ROOT}/Target Support Files/Pods-EfVideo/Pods-EfVideo-frameworks-${CONFIGURATION}-input-files.xcfilelist",
			);
			name = "[CP] Embed Pods Frameworks";
			outputFileListPaths = (
				"${PODS_ROOT}/Target Support Files/Pods-EfVideo/Pods-EfVideo-frameworks-${CONFIGURATION}-output-files.xcfilelist",
			);
			runOnlyForDeploymentPostprocessing = 0;
			shellPath = /bin/sh;
			shellScript = "\"${PODS_ROOT}/Target Support Files/Pods-EfVideo/Pods-EfVideo-frameworks.sh\"\n";
			showEnvVarsInLog = 0;
		};
		EC5677ED453BCA3474271A95 /* [CP] Check Pods Manifest.lock */ = {
			isa = PBXShellScriptBuildPhase;
			buildActionMask = 2147483647;
			files = (
			);
			inputFileListPaths = (
			);
			inputPaths = (
				"${PODS_PODFILE_DIR_PATH}/Podfile.lock",
				"${PODS_ROOT}/Manifest.lock",
			);
			name = "[CP] Check Pods Manifest.lock";
			outputFileListPaths = (
			);
			outputPaths = (
				"$(DERIVED_FILE_DIR)/Pods-EfVideo-checkManifestLockResult.txt",
			);
			runOnlyForDeploymentPostprocessing = 0;
			shellPath = /bin/sh;
			shellScript = "diff \"${PODS_PODFILE_DIR_PATH}/Podfile.lock\" \"${PODS_ROOT}/Manifest.lock\" > /dev/null\nif [ $? != 0 ] ; then\n    # print error to STDERR\n    echo \"error: The sandbox is not in sync with the Podfile.lock. Run 'pod install' or update your CocoaPods installation.\" >&2\n    exit 1\nfi\n# This output is used by Xcode 'outputs' to avoid re-running this script phase.\necho \"SUCCESS\" > \"${SCRIPT_OUTPUT_FILE_0}\"\n";
			showEnvVarsInLog = 0;
		};
/* End PBXShellScriptBuildPhase section */

/* Begin PBXSourcesBuildPhase section */
		CEE09CB128F9611800EA1B60 /* Sources */ = {
			isa = PBXSourcesBuildPhase;
			buildActionMask = 2147483647;
			files = (
				CEE09CBD28F9611800EA1B60 /* ViewController.swift in Sources */,
				CECE67E7290592470051AA9C /* ListViewModel.swift in Sources */,
				CEE09CB928F9611800EA1B60 /* AppDelegate.swift in Sources */,
				CECE67F029059BE90051AA9C /* ListApiImpl.swift in Sources */,
				CECE67F229059E090051AA9C /* FechrsContainer.swift in Sources */,
				CEE09CFE28FC63EC00EA1B60 /* TabBarItem.swift in Sources */,
				CEB810B4290D8C0500CB37EF /* ListHelper.swift in Sources */,
				CE7421EA2916C4AB00C8A6EB /* ListDetailViewController.swift in Sources */,
				CECEF5A22924180E0021F0E7 /* VideoPlayer.swift in Sources */,
				CE7421EF2916D0C000C8A6EB /* ListDetailInterfaces.swift in Sources */,
				CEB810B2290D74F100CB37EF /* Reactive+Extension.swift in Sources */,
				CECE67E2290586620051AA9C /* ListVideoCell.swift in Sources */,
				CEE09CF528FC0A0400EA1B60 /* ControlButton.swift in Sources */,
				CEE09CFB28FC62DB00EA1B60 /* AppFlowController.swift in Sources */,
				CEE09CC328F9611800EA1B60 /* EfVideo.xcdatamodeld in Sources */,
				CECE67DC290585500051AA9C /* ConstantId.swift in Sources */,
				CE1C15832902EAA70099FA89 /* ListViewController.swift in Sources */,
				CEE09CEF28F9CA9100EA1B60 /* VideoViewController.swift in Sources */,
				CECE68012905CDDA0051AA9C /* mock_file.json in Sources */,
				CE1C15862902F02B0099FA89 /* ListCoordinator.swift in Sources */,
				CEE09CBB28F9611800EA1B60 /* SceneDelegate.swift in Sources */,
				CEE09D0228FC749000EA1B60 /* Coordinator.swift in Sources */,
				CECE67E9290595000051AA9C /* ListInterfaces.swift in Sources */,
				CEE09CF228FB173000EA1B60 /* BaseViewController.swift in Sources */,
				CECE67EE29059B920051AA9C /* ListApiProtocol.swift in Sources */,
				CEE09D0528FC766B00EA1B60 /* MainCoordinator.swift in Sources */,
				CECE67FF2905C87F0051AA9C /* DIContainer.swift in Sources */,
				CECE67F92905B9A80051AA9C /* NetWorkError.swift in Sources */,
				CEE09CF928FC5F4B00EA1B60 /* AppManager.swift in Sources */,
				CECE67DE2905861C0051AA9C /* TableViewCell+Extension.swift in Sources */,
				CECE67F52905A12F0051AA9C /* ListModel.swift in Sources */,
				CE7421ED2916D08900C8A6EB /* ListDetailViewModel.swift in Sources */,
				CEE09D0028FC645C00EA1B60 /* TabBar+Extension.swift in Sources */,
				CECE67D929057C360051AA9C /* ListTableViewManager.swift in Sources */,
				CE7421F12916FC2700C8A6EB /* ListDetailCoordinator.swift in Sources */,
				CECE67F72905A8170051AA9C /* Data+Extension.swift in Sources */,
				CE91E11D294E2A950013F4A7 /* PlayerHelper.swift in Sources */,
			);
			runOnlyForDeploymentPostprocessing = 0;
		};
		CEE09CCA28F9611D00EA1B60 /* Sources */ = {
			isa = PBXSourcesBuildPhase;
			buildActionMask = 2147483647;
			files = (
				CEE09CD328F9611D00EA1B60 /* EfVideoTests.swift in Sources */,
			);
			runOnlyForDeploymentPostprocessing = 0;
		};
		CEE09CD428F9611D00EA1B60 /* Sources */ = {
			isa = PBXSourcesBuildPhase;
			buildActionMask = 2147483647;
			files = (
				CEE09CDD28F9611D00EA1B60 /* EfVideoUITests.swift in Sources */,
				CEE09CDF28F9611D00EA1B60 /* EfVideoUITestsLaunchTests.swift in Sources */,
			);
			runOnlyForDeploymentPostprocessing = 0;
		};
/* End PBXSourcesBuildPhase section */

/* Begin PBXTargetDependency section */
		CEE09CD028F9611D00EA1B60 /* PBXTargetDependency */ = {
			isa = PBXTargetDependency;
			target = CEE09CB428F9611800EA1B60 /* EfVideo */;
			targetProxy = CEE09CCF28F9611D00EA1B60 /* PBXContainerItemProxy */;
		};
		CEE09CDA28F9611D00EA1B60 /* PBXTargetDependency */ = {
			isa = PBXTargetDependency;
			target = CEE09CB428F9611800EA1B60 /* EfVideo */;
			targetProxy = CEE09CD928F9611D00EA1B60 /* PBXContainerItemProxy */;
		};
/* End PBXTargetDependency section */

/* Begin PBXVariantGroup section */
		CEE09CC628F9611D00EA1B60 /* LaunchScreen.storyboard */ = {
			isa = PBXVariantGroup;
			children = (
				CEE09CC728F9611D00EA1B60 /* Base */,
			);
			name = LaunchScreen.storyboard;
			sourceTree = "<group>";
		};
/* End PBXVariantGroup section */

/* Begin XCBuildConfiguration section */
		CEE09CE028F9611D00EA1B60 /* Debug */ = {
			isa = XCBuildConfiguration;
			buildSettings = {
				ALWAYS_SEARCH_USER_PATHS = NO;
				CLANG_ANALYZER_NONNULL = YES;
				CLANG_ANALYZER_NUMBER_OBJECT_CONVERSION = YES_AGGRESSIVE;
				CLANG_CXX_LANGUAGE_STANDARD = "gnu++17";
				CLANG_ENABLE_MODULES = YES;
				CLANG_ENABLE_OBJC_ARC = YES;
				CLANG_ENABLE_OBJC_WEAK = YES;
				CLANG_WARN_BLOCK_CAPTURE_AUTORELEASING = YES;
				CLANG_WARN_BOOL_CONVERSION = YES;
				CLANG_WARN_COMMA = YES;
				CLANG_WARN_CONSTANT_CONVERSION = YES;
				CLANG_WARN_DEPRECATED_OBJC_IMPLEMENTATIONS = YES;
				CLANG_WARN_DIRECT_OBJC_ISA_USAGE = YES_ERROR;
				CLANG_WARN_DOCUMENTATION_COMMENTS = YES;
				CLANG_WARN_EMPTY_BODY = YES;
				CLANG_WARN_ENUM_CONVERSION = YES;
				CLANG_WARN_INFINITE_RECURSION = YES;
				CLANG_WARN_INT_CONVERSION = YES;
				CLANG_WARN_NON_LITERAL_NULL_CONVERSION = YES;
				CLANG_WARN_OBJC_IMPLICIT_RETAIN_SELF = YES;
				CLANG_WARN_OBJC_LITERAL_CONVERSION = YES;
				CLANG_WARN_OBJC_ROOT_CLASS = YES_ERROR;
				CLANG_WARN_QUOTED_INCLUDE_IN_FRAMEWORK_HEADER = YES;
				CLANG_WARN_RANGE_LOOP_ANALYSIS = YES;
				CLANG_WARN_STRICT_PROTOTYPES = YES;
				CLANG_WARN_SUSPICIOUS_MOVE = YES;
				CLANG_WARN_UNGUARDED_AVAILABILITY = YES_AGGRESSIVE;
				CLANG_WARN_UNREACHABLE_CODE = YES;
				CLANG_WARN__DUPLICATE_METHOD_MATCH = YES;
				COPY_PHASE_STRIP = NO;
				DEBUG_INFORMATION_FORMAT = dwarf;
				ENABLE_STRICT_OBJC_MSGSEND = YES;
				ENABLE_TESTABILITY = YES;
				GCC_C_LANGUAGE_STANDARD = gnu11;
				GCC_DYNAMIC_NO_PIC = NO;
				GCC_NO_COMMON_BLOCKS = YES;
				GCC_OPTIMIZATION_LEVEL = 0;
				GCC_PREPROCESSOR_DEFINITIONS = (
					"DEBUG=1",
					"$(inherited)",
				);
				GCC_WARN_64_TO_32_BIT_CONVERSION = YES;
				GCC_WARN_ABOUT_RETURN_TYPE = YES_ERROR;
				GCC_WARN_UNDECLARED_SELECTOR = YES;
				GCC_WARN_UNINITIALIZED_AUTOS = YES_AGGRESSIVE;
				GCC_WARN_UNUSED_FUNCTION = YES;
				GCC_WARN_UNUSED_VARIABLE = YES;
				IPHONEOS_DEPLOYMENT_TARGET = 14.0;
				MTL_ENABLE_DEBUG_INFO = INCLUDE_SOURCE;
				MTL_FAST_MATH = YES;
				ONLY_ACTIVE_ARCH = YES;
				SDKROOT = iphoneos;
				SWIFT_ACTIVE_COMPILATION_CONDITIONS = DEBUG;
				SWIFT_OPTIMIZATION_LEVEL = "-Onone";
			};
			name = Debug;
		};
		CEE09CE128F9611D00EA1B60 /* Release */ = {
			isa = XCBuildConfiguration;
			buildSettings = {
				ALWAYS_SEARCH_USER_PATHS = NO;
				CLANG_ANALYZER_NONNULL = YES;
				CLANG_ANALYZER_NUMBER_OBJECT_CONVERSION = YES_AGGRESSIVE;
				CLANG_CXX_LANGUAGE_STANDARD = "gnu++17";
				CLANG_ENABLE_MODULES = YES;
				CLANG_ENABLE_OBJC_ARC = YES;
				CLANG_ENABLE_OBJC_WEAK = YES;
				CLANG_WARN_BLOCK_CAPTURE_AUTORELEASING = YES;
				CLANG_WARN_BOOL_CONVERSION = YES;
				CLANG_WARN_COMMA = YES;
				CLANG_WARN_CONSTANT_CONVERSION = YES;
				CLANG_WARN_DEPRECATED_OBJC_IMPLEMENTATIONS = YES;
				CLANG_WARN_DIRECT_OBJC_ISA_USAGE = YES_ERROR;
				CLANG_WARN_DOCUMENTATION_COMMENTS = YES;
				CLANG_WARN_EMPTY_BODY = YES;
				CLANG_WARN_ENUM_CONVERSION = YES;
				CLANG_WARN_INFINITE_RECURSION = YES;
				CLANG_WARN_INT_CONVERSION = YES;
				CLANG_WARN_NON_LITERAL_NULL_CONVERSION = YES;
				CLANG_WARN_OBJC_IMPLICIT_RETAIN_SELF = YES;
				CLANG_WARN_OBJC_LITERAL_CONVERSION = YES;
				CLANG_WARN_OBJC_ROOT_CLASS = YES_ERROR;
				CLANG_WARN_QUOTED_INCLUDE_IN_FRAMEWORK_HEADER = YES;
				CLANG_WARN_RANGE_LOOP_ANALYSIS = YES;
				CLANG_WARN_STRICT_PROTOTYPES = YES;
				CLANG_WARN_SUSPICIOUS_MOVE = YES;
				CLANG_WARN_UNGUARDED_AVAILABILITY = YES_AGGRESSIVE;
				CLANG_WARN_UNREACHABLE_CODE = YES;
				CLANG_WARN__DUPLICATE_METHOD_MATCH = YES;
				COPY_PHASE_STRIP = NO;
				DEBUG_INFORMATION_FORMAT = "dwarf-with-dsym";
				ENABLE_NS_ASSERTIONS = NO;
				ENABLE_STRICT_OBJC_MSGSEND = YES;
				GCC_C_LANGUAGE_STANDARD = gnu11;
				GCC_NO_COMMON_BLOCKS = YES;
				GCC_WARN_64_TO_32_BIT_CONVERSION = YES;
				GCC_WARN_ABOUT_RETURN_TYPE = YES_ERROR;
				GCC_WARN_UNDECLARED_SELECTOR = YES;
				GCC_WARN_UNINITIALIZED_AUTOS = YES_AGGRESSIVE;
				GCC_WARN_UNUSED_FUNCTION = YES;
				GCC_WARN_UNUSED_VARIABLE = YES;
				IPHONEOS_DEPLOYMENT_TARGET = 14.0;
				MTL_ENABLE_DEBUG_INFO = NO;
				MTL_FAST_MATH = YES;
				SDKROOT = iphoneos;
				SWIFT_COMPILATION_MODE = wholemodule;
				SWIFT_OPTIMIZATION_LEVEL = "-O";
				VALIDATE_PRODUCT = YES;
			};
			name = Release;
		};
		CEE09CE328F9611D00EA1B60 /* Debug */ = {
			isa = XCBuildConfiguration;
			baseConfigurationReference = 4F8830D31F74176D23AF1B41 /* Pods-EfVideo.debug.xcconfig */;
			buildSettings = {
				ASSETCATALOG_COMPILER_APPICON_NAME = AppIcon;
				ASSETCATALOG_COMPILER_GLOBAL_ACCENT_COLOR_NAME = AccentColor;
				CODE_SIGN_STYLE = Automatic;
				CURRENT_PROJECT_VERSION = 1;
				DEVELOPMENT_TEAM = 364PACBHLP;
				GENERATE_INFOPLIST_FILE = YES;
				INFOPLIST_FILE = EfVideo/Info.plist;
				INFOPLIST_KEY_UIApplicationSupportsIndirectInputEvents = YES;
				INFOPLIST_KEY_UILaunchStoryboardName = LaunchScreen;
				INFOPLIST_KEY_UIStatusBarStyle = "";
				INFOPLIST_KEY_UISupportedInterfaceOrientations = UIInterfaceOrientationPortrait;
				INFOPLIST_KEY_UISupportedInterfaceOrientations_iPad = "UIInterfaceOrientationLandscapeLeft UIInterfaceOrientationLandscapeRight UIInterfaceOrientationPortrait UIInterfaceOrientationPortraitUpsideDown";
				IPHONEOS_DEPLOYMENT_TARGET = 14.0;
				LD_RUNPATH_SEARCH_PATHS = (
					"$(inherited)",
					"@executable_path/Frameworks",
				);
				MARKETING_VERSION = 1.0;
				PRODUCT_BUNDLE_IDENTIFIER = Efimenko.EfVideo;
				PRODUCT_NAME = "$(TARGET_NAME)";
				SWIFT_EMIT_LOC_STRINGS = YES;
				SWIFT_VERSION = 5.0;
				TARGETED_DEVICE_FAMILY = 1;
			};
			name = Debug;
		};
		CEE09CE428F9611D00EA1B60 /* Release */ = {
			isa = XCBuildConfiguration;
			baseConfigurationReference = 4DDEFE68044274741923BEAC /* Pods-EfVideo.release.xcconfig */;
			buildSettings = {
				ASSETCATALOG_COMPILER_APPICON_NAME = AppIcon;
				ASSETCATALOG_COMPILER_GLOBAL_ACCENT_COLOR_NAME = AccentColor;
				CODE_SIGN_STYLE = Automatic;
				CURRENT_PROJECT_VERSION = 1;
				DEVELOPMENT_TEAM = 364PACBHLP;
				GENERATE_INFOPLIST_FILE = YES;
				INFOPLIST_FILE = EfVideo/Info.plist;
				INFOPLIST_KEY_UIApplicationSupportsIndirectInputEvents = YES;
				INFOPLIST_KEY_UILaunchStoryboardName = LaunchScreen;
				INFOPLIST_KEY_UIStatusBarStyle = "";
				INFOPLIST_KEY_UISupportedInterfaceOrientations = UIInterfaceOrientationPortrait;
				INFOPLIST_KEY_UISupportedInterfaceOrientations_iPad = "UIInterfaceOrientationLandscapeLeft UIInterfaceOrientationLandscapeRight UIInterfaceOrientationPortrait UIInterfaceOrientationPortraitUpsideDown";
				IPHONEOS_DEPLOYMENT_TARGET = 14.0;
				LD_RUNPATH_SEARCH_PATHS = (
					"$(inherited)",
					"@executable_path/Frameworks",
				);
				MARKETING_VERSION = 1.0;
				PRODUCT_BUNDLE_IDENTIFIER = Efimenko.EfVideo;
				PRODUCT_NAME = "$(TARGET_NAME)";
				SWIFT_EMIT_LOC_STRINGS = YES;
				SWIFT_VERSION = 5.0;
				TARGETED_DEVICE_FAMILY = 1;
			};
			name = Release;
		};
		CEE09CE628F9611D00EA1B60 /* Debug */ = {
			isa = XCBuildConfiguration;
			buildSettings = {
				ALWAYS_EMBED_SWIFT_STANDARD_LIBRARIES = YES;
				BUNDLE_LOADER = "$(TEST_HOST)";
				CODE_SIGN_STYLE = Automatic;
				CURRENT_PROJECT_VERSION = 1;
				DEVELOPMENT_TEAM = 364PACBHLP;
				GENERATE_INFOPLIST_FILE = YES;
				IPHONEOS_DEPLOYMENT_TARGET = 15.5;
				MARKETING_VERSION = 1.0;
				PRODUCT_BUNDLE_IDENTIFIER = Efimenko.EfVideoTests;
				PRODUCT_NAME = "$(TARGET_NAME)";
				SWIFT_EMIT_LOC_STRINGS = NO;
				SWIFT_VERSION = 5.0;
				TARGETED_DEVICE_FAMILY = "1,2";
				TEST_HOST = "$(BUILT_PRODUCTS_DIR)/EfVideo.app/EfVideo";
			};
			name = Debug;
		};
		CEE09CE728F9611D00EA1B60 /* Release */ = {
			isa = XCBuildConfiguration;
			buildSettings = {
				ALWAYS_EMBED_SWIFT_STANDARD_LIBRARIES = YES;
				BUNDLE_LOADER = "$(TEST_HOST)";
				CODE_SIGN_STYLE = Automatic;
				CURRENT_PROJECT_VERSION = 1;
				DEVELOPMENT_TEAM = 364PACBHLP;
				GENERATE_INFOPLIST_FILE = YES;
				IPHONEOS_DEPLOYMENT_TARGET = 15.5;
				MARKETING_VERSION = 1.0;
				PRODUCT_BUNDLE_IDENTIFIER = Efimenko.EfVideoTests;
				PRODUCT_NAME = "$(TARGET_NAME)";
				SWIFT_EMIT_LOC_STRINGS = NO;
				SWIFT_VERSION = 5.0;
				TARGETED_DEVICE_FAMILY = "1,2";
				TEST_HOST = "$(BUILT_PRODUCTS_DIR)/EfVideo.app/EfVideo";
			};
			name = Release;
		};
		CEE09CE928F9611D00EA1B60 /* Debug */ = {
			isa = XCBuildConfiguration;
			buildSettings = {
				ALWAYS_EMBED_SWIFT_STANDARD_LIBRARIES = YES;
				CODE_SIGN_STYLE = Automatic;
				CURRENT_PROJECT_VERSION = 1;
				DEVELOPMENT_TEAM = 364PACBHLP;
				GENERATE_INFOPLIST_FILE = YES;
				MARKETING_VERSION = 1.0;
				PRODUCT_BUNDLE_IDENTIFIER = Efimenko.EfVideoUITests;
				PRODUCT_NAME = "$(TARGET_NAME)";
				SWIFT_EMIT_LOC_STRINGS = NO;
				SWIFT_VERSION = 5.0;
				TARGETED_DEVICE_FAMILY = "1,2";
				TEST_TARGET_NAME = EfVideo;
			};
			name = Debug;
		};
		CEE09CEA28F9611D00EA1B60 /* Release */ = {
			isa = XCBuildConfiguration;
			buildSettings = {
				ALWAYS_EMBED_SWIFT_STANDARD_LIBRARIES = YES;
				CODE_SIGN_STYLE = Automatic;
				CURRENT_PROJECT_VERSION = 1;
				DEVELOPMENT_TEAM = 364PACBHLP;
				GENERATE_INFOPLIST_FILE = YES;
				MARKETING_VERSION = 1.0;
				PRODUCT_BUNDLE_IDENTIFIER = Efimenko.EfVideoUITests;
				PRODUCT_NAME = "$(TARGET_NAME)";
				SWIFT_EMIT_LOC_STRINGS = NO;
				SWIFT_VERSION = 5.0;
				TARGETED_DEVICE_FAMILY = "1,2";
				TEST_TARGET_NAME = EfVideo;
			};
			name = Release;
		};
/* End XCBuildConfiguration section */

/* Begin XCConfigurationList section */
		CEE09CB028F9611800EA1B60 /* Build configuration list for PBXProject "EfVideo" */ = {
			isa = XCConfigurationList;
			buildConfigurations = (
				CEE09CE028F9611D00EA1B60 /* Debug */,
				CEE09CE128F9611D00EA1B60 /* Release */,
			);
			defaultConfigurationIsVisible = 0;
			defaultConfigurationName = Release;
		};
		CEE09CE228F9611D00EA1B60 /* Build configuration list for PBXNativeTarget "EfVideo" */ = {
			isa = XCConfigurationList;
			buildConfigurations = (
				CEE09CE328F9611D00EA1B60 /* Debug */,
				CEE09CE428F9611D00EA1B60 /* Release */,
			);
			defaultConfigurationIsVisible = 0;
			defaultConfigurationName = Release;
		};
		CEE09CE528F9611D00EA1B60 /* Build configuration list for PBXNativeTarget "EfVideoTests" */ = {
			isa = XCConfigurationList;
			buildConfigurations = (
				CEE09CE628F9611D00EA1B60 /* Debug */,
				CEE09CE728F9611D00EA1B60 /* Release */,
			);
			defaultConfigurationIsVisible = 0;
			defaultConfigurationName = Release;
		};
		CEE09CE828F9611D00EA1B60 /* Build configuration list for PBXNativeTarget "EfVideoUITests" */ = {
			isa = XCConfigurationList;
			buildConfigurations = (
				CEE09CE928F9611D00EA1B60 /* Debug */,
				CEE09CEA28F9611D00EA1B60 /* Release */,
			);
			defaultConfigurationIsVisible = 0;
			defaultConfigurationName = Release;
		};
/* End XCConfigurationList section */

/* Begin XCVersionGroup section */
		CEE09CC128F9611800EA1B60 /* EfVideo.xcdatamodeld */ = {
			isa = XCVersionGroup;
			children = (
				CEE09CC228F9611800EA1B60 /* EfVideo.xcdatamodel */,
			);
			currentVersion = CEE09CC228F9611800EA1B60 /* EfVideo.xcdatamodel */;
			path = EfVideo.xcdatamodeld;
			sourceTree = "<group>";
			versionGroupType = wrapper.xcdatamodel;
		};
/* End XCVersionGroup section */
	};
	rootObject = CEE09CAD28F9611800EA1B60 /* Project object */;
}
